
Microsoft Visual Studio Solution File, Format Version 12.00
# Visual Studio Version 16
VisualStudioVersion = 16.0.32002.261
MinimumVisualStudioVersion = 10.0.40219.1
Project("{9A19103F-16F7-4668-BE54-9A1E7A4F7556}") = "FullApp", "FullApp\FullApp\FullApp.csproj", "{60DD2A09-ADED-4441-90D5-A78473340367}"
EndProject
Project("{FAE04EC0-301F-11D3-BF4B-00C04F79EFBC}") = "FullApp.Android", "FullApp\FullApp.Android\FullApp.Android.csproj", "{F0F9DAD2-E01F-4FB1-8702-3D1F9858CC28}"
EndProject
Project("{FAE04EC0-301F-11D3-BF4B-00C04F79EFBC}") = "FullApp.iOS", "FullApp\FullApp.iOS\FullApp.iOS.csproj", "{D17E8FE0-9E43-4165-8552-8C749D41F17C}"
EndProject
Project("{FAE04EC0-301F-11D3-BF4B-00C04F79EFBC}") = "FullApp.UWP", "FullApp\FullApp.UWP\FullApp.UWP.csproj", "{D58C2E58-4EC7-4396-86EC-16F63E242D91}"
EndProject
Project("{9A19103F-16F7-4668-BE54-9A1E7A4F7556}") = "FullApp.Core", "FullApp\FullApp.Core\FullApp.Core.csproj", "{A6CB0382-2DFF-4AF4-B7F3-6F236750BB26}"
EndProject
Project("{2150E333-8FDC-42A3-9474-1A3956D46DE8}") = "Modules", "Modules", "{EE6DBCE0-4C2E-4959-8A27-42E9E22A73A8}"
EndProject
Project("{2150E333-8FDC-42A3-9474-1A3956D46DE8}") = "Services", "Services", "{CBE5EC98-F24A-45CB-A012-A29E08F49D35}"
EndProject
Project("{2150E333-8FDC-42A3-9474-1A3956D46DE8}") = "Tests", "Tests", "{4ED6D7B9-81B0-4D0F-926A-E421C190B5A5}"
EndProject
Project("{9A19103F-16F7-4668-BE54-9A1E7A4F7556}") = "FullApp.Services", "FullApp\Services\FullApp.Services\FullApp.Services.csproj", "{6A24D2E6-5948-409D-B85B-E2D23F87B529}"
EndProject
Project("{9A19103F-16F7-4668-BE54-9A1E7A4F7556}") = "FullApp.Services.Interfaces", "FullApp\Services\FullApp.Services.Interfaces\FullApp.Services.Interfaces.csproj", "{DADEC3F3-23E6-4FE7-B174-F3ECE70C2FE2}"
EndProject
Project("{9A19103F-16F7-4668-BE54-9A1E7A4F7556}") = "FullApp.Modules.ModuleName", "FullApp\Modules\FullApp.Modules.ModuleName\FullApp.Modules.ModuleName.csproj", "{2927287B-446D-4CC3-8839-709887C17DA3}"
EndProject
Project("{9A19103F-16F7-4668-BE54-9A1E7A4F7556}") = "FullApp.Modules.ModuleName.Tests", "FullApp\Tests\FullApp.Modules.ModuleName.Tests\FullApp.Modules.ModuleName.Tests.csproj", "{9D5DE500-275E-402F-BACD-ED4CCEFC9CE9}"
EndProject
Global
	GlobalSection(SolutionConfigurationPlatforms) = preSolution
		Ad-Hoc|Any CPU = Ad-Hoc|Any CPU
		Ad-Hoc|ARM = Ad-Hoc|ARM
		Ad-Hoc|iPhone = Ad-Hoc|iPhone
		Ad-Hoc|iPhoneSimulator = Ad-Hoc|iPhoneSimulator
		Ad-Hoc|x64 = Ad-Hoc|x64
		Ad-Hoc|x86 = Ad-Hoc|x86
		AppStore|Any CPU = AppStore|Any CPU
		AppStore|ARM = AppStore|ARM
		AppStore|iPhone = AppStore|iPhone
		AppStore|iPhoneSimulator = AppStore|iPhoneSimulator
		AppStore|x64 = AppStore|x64
		AppStore|x86 = AppStore|x86
		Debug|Any CPU = Debug|Any CPU
		Debug|ARM = Debug|ARM
		Debug|iPhone = Debug|iPhone
		Debug|iPhoneSimulator = Debug|iPhoneSimulator
		Debug|x64 = Debug|x64
		Debug|x86 = Debug|x86
		Release|Any CPU = Release|Any CPU
		Release|ARM = Release|ARM
		Release|iPhone = Release|iPhone
		Release|iPhoneSimulator = Release|iPhoneSimulator
		Release|x64 = Release|x64
		Release|x86 = Release|x86
	EndGlobalSection
	GlobalSection(ProjectConfigurationPlatforms) = postSolution
		{60DD2A09-ADED-4441-90D5-A78473340367}.Ad-Hoc|Any CPU.ActiveCfg = Debug|Any CPU
		{60DD2A09-ADED-4441-90D5-A78473340367}.Ad-Hoc|Any CPU.Build.0 = Debug|Any CPU
		{60DD2A09-ADED-4441-90D5-A78473340367}.Ad-Hoc|ARM.ActiveCfg = Debug|Any CPU
		{60DD2A09-ADED-4441-90D5-A78473340367}.Ad-Hoc|ARM.Build.0 = Debug|Any CPU
		{60DD2A09-ADED-4441-90D5-A78473340367}.Ad-Hoc|iPhone.ActiveCfg = Debug|Any CPU
		{60DD2A09-ADED-4441-90D5-A78473340367}.Ad-Hoc|iPhone.Build.0 = Debug|Any CPU
		{60DD2A09-ADED-4441-90D5-A78473340367}.Ad-Hoc|iPhoneSimulator.ActiveCfg = Debug|Any CPU
		{60DD2A09-ADED-4441-90D5-A78473340367}.Ad-Hoc|iPhoneSimulator.Build.0 = Debug|Any CPU
		{60DD2A09-ADED-4441-90D5-A78473340367}.Ad-Hoc|x64.ActiveCfg = Debug|Any CPU
		{60DD2A09-ADED-4441-90D5-A78473340367}.Ad-Hoc|x64.Build.0 = Debug|Any CPU
		{60DD2A09-ADED-4441-90D5-A78473340367}.Ad-Hoc|x86.ActiveCfg = Debug|Any CPU
		{60DD2A09-ADED-4441-90D5-A78473340367}.Ad-Hoc|x86.Build.0 = Debug|Any CPU
		{60DD2A09-ADED-4441-90D5-A78473340367}.AppStore|Any CPU.ActiveCfg = Debug|Any CPU
		{60DD2A09-ADED-4441-90D5-A78473340367}.AppStore|Any CPU.Build.0 = Debug|Any CPU
		{60DD2A09-ADED-4441-90D5-A78473340367}.AppStore|ARM.ActiveCfg = Debug|Any CPU
		{60DD2A09-ADED-4441-90D5-A78473340367}.AppStore|ARM.Build.0 = Debug|Any CPU
		{60DD2A09-ADED-4441-90D5-A78473340367}.AppStore|iPhone.ActiveCfg = Debug|Any CPU
		{60DD2A09-ADED-4441-90D5-A78473340367}.AppStore|iPhone.Build.0 = Debug|Any CPU
		{60DD2A09-ADED-4441-90D5-A78473340367}.AppStore|iPhoneSimulator.ActiveCfg = Debug|Any CPU
		{60DD2A09-ADED-4441-90D5-A78473340367}.AppStore|iPhoneSimulator.Build.0 = Debug|Any CPU
		{60DD2A09-ADED-4441-90D5-A78473340367}.AppStore|x64.ActiveCfg = Debug|Any CPU
		{60DD2A09-ADED-4441-90D5-A78473340367}.AppStore|x64.Build.0 = Debug|Any CPU
		{60DD2A09-ADED-4441-90D5-A78473340367}.AppStore|x86.ActiveCfg = Debug|Any CPU
		{60DD2A09-ADED-4441-90D5-A78473340367}.AppStore|x86.Build.0 = Debug|Any CPU
		{60DD2A09-ADED-4441-90D5-A78473340367}.Debug|Any CPU.ActiveCfg = Debug|Any CPU
		{60DD2A09-ADED-4441-90D5-A78473340367}.Debug|Any CPU.Build.0 = Debug|Any CPU
		{60DD2A09-ADED-4441-90D5-A78473340367}.Debug|ARM.ActiveCfg = Debug|Any CPU
		{60DD2A09-ADED-4441-90D5-A78473340367}.Debug|ARM.Build.0 = Debug|Any CPU
		{60DD2A09-ADED-4441-90D5-A78473340367}.Debug|iPhone.ActiveCfg = Debug|Any CPU
		{60DD2A09-ADED-4441-90D5-A78473340367}.Debug|iPhone.Build.0 = Debug|Any CPU
		{60DD2A09-ADED-4441-90D5-A78473340367}.Debug|iPhoneSimulator.ActiveCfg = Debug|Any CPU
		{60DD2A09-ADED-4441-90D5-A78473340367}.Debug|iPhoneSimulator.Build.0 = Debug|Any CPU
		{60DD2A09-ADED-4441-90D5-A78473340367}.Debug|x64.ActiveCfg = Debug|Any CPU
		{60DD2A09-ADED-4441-90D5-A78473340367}.Debug|x64.Build.0 = Debug|Any CPU
		{60DD2A09-ADED-4441-90D5-A78473340367}.Debug|x86.ActiveCfg = Debug|Any CPU
		{60DD2A09-ADED-4441-90D5-A78473340367}.Debug|x86.Build.0 = Debug|Any CPU
		{60DD2A09-ADED-4441-90D5-A78473340367}.Release|Any CPU.ActiveCfg = Release|Any CPU
		{60DD2A09-ADED-4441-90D5-A78473340367}.Release|Any CPU.Build.0 = Release|Any CPU
		{60DD2A09-ADED-4441-90D5-A78473340367}.Release|ARM.ActiveCfg = Release|Any CPU
		{60DD2A09-ADED-4441-90D5-A78473340367}.Release|ARM.Build.0 = Release|Any CPU
		{60DD2A09-ADED-4441-90D5-A78473340367}.Release|iPhone.ActiveCfg = Release|Any CPU
		{60DD2A09-ADED-4441-90D5-A78473340367}.Release|iPhone.Build.0 = Release|Any CPU
		{60DD2A09-ADED-4441-90D5-A78473340367}.Release|iPhoneSimulator.ActiveCfg = Release|Any CPU
		{60DD2A09-ADED-4441-90D5-A78473340367}.Release|iPhoneSimulator.Build.0 = Release|Any CPU
		{60DD2A09-ADED-4441-90D5-A78473340367}.Release|x64.ActiveCfg = Release|Any CPU
		{60DD2A09-ADED-4441-90D5-A78473340367}.Release|x64.Build.0 = Release|Any CPU
		{60DD2A09-ADED-4441-90D5-A78473340367}.Release|x86.ActiveCfg = Release|Any CPU
		{60DD2A09-ADED-4441-90D5-A78473340367}.Release|x86.Build.0 = Release|Any CPU
		{F0F9DAD2-E01F-4FB1-8702-3D1F9858CC28}.Ad-Hoc|Any CPU.ActiveCfg = Debug|Any CPU
		{F0F9DAD2-E01F-4FB1-8702-3D1F9858CC28}.Ad-Hoc|Any CPU.Build.0 = Debug|Any CPU
		{F0F9DAD2-E01F-4FB1-8702-3D1F9858CC28}.Ad-Hoc|Any CPU.Deploy.0 = Debug|Any CPU
		{F0F9DAD2-E01F-4FB1-8702-3D1F9858CC28}.Ad-Hoc|ARM.ActiveCfg = Debug|Any CPU
		{F0F9DAD2-E01F-4FB1-8702-3D1F9858CC28}.Ad-Hoc|ARM.Build.0 = Debug|Any CPU
		{F0F9DAD2-E01F-4FB1-8702-3D1F9858CC28}.Ad-Hoc|ARM.Deploy.0 = Debug|Any CPU
		{F0F9DAD2-E01F-4FB1-8702-3D1F9858CC28}.Ad-Hoc|iPhone.ActiveCfg = Debug|Any CPU
		{F0F9DAD2-E01F-4FB1-8702-3D1F9858CC28}.Ad-Hoc|iPhone.Build.0 = Debug|Any CPU
		{F0F9DAD2-E01F-4FB1-8702-3D1F9858CC28}.Ad-Hoc|iPhone.Deploy.0 = Debug|Any CPU
		{F0F9DAD2-E01F-4FB1-8702-3D1F9858CC28}.Ad-Hoc|iPhoneSimulator.ActiveCfg = Debug|Any CPU
		{F0F9DAD2-E01F-4FB1-8702-3D1F9858CC28}.Ad-Hoc|iPhoneSimulator.Build.0 = Debug|Any CPU
		{F0F9DAD2-E01F-4FB1-8702-3D1F9858CC28}.Ad-Hoc|iPhoneSimulator.Deploy.0 = Debug|Any CPU
		{F0F9DAD2-E01F-4FB1-8702-3D1F9858CC28}.Ad-Hoc|x64.ActiveCfg = Debug|Any CPU
		{F0F9DAD2-E01F-4FB1-8702-3D1F9858CC28}.Ad-Hoc|x64.Build.0 = Debug|Any CPU
		{F0F9DAD2-E01F-4FB1-8702-3D1F9858CC28}.Ad-Hoc|x64.Deploy.0 = Debug|Any CPU
		{F0F9DAD2-E01F-4FB1-8702-3D1F9858CC28}.Ad-Hoc|x86.ActiveCfg = Debug|Any CPU
		{F0F9DAD2-E01F-4FB1-8702-3D1F9858CC28}.Ad-Hoc|x86.Build.0 = Debug|Any CPU
		{F0F9DAD2-E01F-4FB1-8702-3D1F9858CC28}.Ad-Hoc|x86.Deploy.0 = Debug|Any CPU
		{F0F9DAD2-E01F-4FB1-8702-3D1F9858CC28}.AppStore|Any CPU.ActiveCfg = Debug|Any CPU
		{F0F9DAD2-E01F-4FB1-8702-3D1F9858CC28}.AppStore|Any CPU.Build.0 = Debug|Any CPU
		{F0F9DAD2-E01F-4FB1-8702-3D1F9858CC28}.AppStore|Any CPU.Deploy.0 = Debug|Any CPU
		{F0F9DAD2-E01F-4FB1-8702-3D1F9858CC28}.AppStore|ARM.ActiveCfg = Debug|Any CPU
		{F0F9DAD2-E01F-4FB1-8702-3D1F9858CC28}.AppStore|ARM.Build.0 = Debug|Any CPU
		{F0F9DAD2-E01F-4FB1-8702-3D1F9858CC28}.AppStore|ARM.Deploy.0 = Debug|Any CPU
		{F0F9DAD2-E01F-4FB1-8702-3D1F9858CC28}.AppStore|iPhone.ActiveCfg = Debug|Any CPU
		{F0F9DAD2-E01F-4FB1-8702-3D1F9858CC28}.AppStore|iPhone.Build.0 = Debug|Any CPU
		{F0F9DAD2-E01F-4FB1-8702-3D1F9858CC28}.AppStore|iPhone.Deploy.0 = Debug|Any CPU
		{F0F9DAD2-E01F-4FB1-8702-3D1F9858CC28}.AppStore|iPhoneSimulator.ActiveCfg = Debug|Any CPU
		{F0F9DAD2-E01F-4FB1-8702-3D1F9858CC28}.AppStore|iPhoneSimulator.Build.0 = Debug|Any CPU
		{F0F9DAD2-E01F-4FB1-8702-3D1F9858CC28}.AppStore|iPhoneSimulator.Deploy.0 = Debug|Any CPU
		{F0F9DAD2-E01F-4FB1-8702-3D1F9858CC28}.AppStore|x64.ActiveCfg = Debug|Any CPU
		{F0F9DAD2-E01F-4FB1-8702-3D1F9858CC28}.AppStore|x64.Build.0 = Debug|Any CPU
		{F0F9DAD2-E01F-4FB1-8702-3D1F9858CC28}.AppStore|x64.Deploy.0 = Debug|Any CPU
		{F0F9DAD2-E01F-4FB1-8702-3D1F9858CC28}.AppStore|x86.ActiveCfg = Debug|Any CPU
		{F0F9DAD2-E01F-4FB1-8702-3D1F9858CC28}.AppStore|x86.Build.0 = Debug|Any CPU
		{F0F9DAD2-E01F-4FB1-8702-3D1F9858CC28}.AppStore|x86.Deploy.0 = Debug|Any CPU
		{F0F9DAD2-E01F-4FB1-8702-3D1F9858CC28}.Debug|Any CPU.ActiveCfg = Debug|Any CPU
		{F0F9DAD2-E01F-4FB1-8702-3D1F9858CC28}.Debug|Any CPU.Build.0 = Debug|Any CPU
		{F0F9DAD2-E01F-4FB1-8702-3D1F9858CC28}.Debug|Any CPU.Deploy.0 = Debug|Any CPU
		{F0F9DAD2-E01F-4FB1-8702-3D1F9858CC28}.Debug|ARM.ActiveCfg = Debug|Any CPU
		{F0F9DAD2-E01F-4FB1-8702-3D1F9858CC28}.Debug|ARM.Build.0 = Debug|Any CPU
		{F0F9DAD2-E01F-4FB1-8702-3D1F9858CC28}.Debug|ARM.Deploy.0 = Debug|Any CPU
		{F0F9DAD2-E01F-4FB1-8702-3D1F9858CC28}.Debug|iPhone.ActiveCfg = Debug|Any CPU
		{F0F9DAD2-E01F-4FB1-8702-3D1F9858CC28}.Debug|iPhone.Build.0 = Debug|Any CPU
		{F0F9DAD2-E01F-4FB1-8702-3D1F9858CC28}.Debug|iPhone.Deploy.0 = Debug|Any CPU
		{F0F9DAD2-E01F-4FB1-8702-3D1F9858CC28}.Debug|iPhoneSimulator.ActiveCfg = Debug|Any CPU
		{F0F9DAD2-E01F-4FB1-8702-3D1F9858CC28}.Debug|iPhoneSimulator.Build.0 = Debug|Any CPU
		{F0F9DAD2-E01F-4FB1-8702-3D1F9858CC28}.Debug|iPhoneSimulator.Deploy.0 = Debug|Any CPU
		{F0F9DAD2-E01F-4FB1-8702-3D1F9858CC28}.Debug|x64.ActiveCfg = Debug|Any CPU
		{F0F9DAD2-E01F-4FB1-8702-3D1F9858CC28}.Debug|x64.Build.0 = Debug|Any CPU
		{F0F9DAD2-E01F-4FB1-8702-3D1F9858CC28}.Debug|x64.Deploy.0 = Debug|Any CPU
		{F0F9DAD2-E01F-4FB1-8702-3D1F9858CC28}.Debug|x86.ActiveCfg = Debug|Any CPU
		{F0F9DAD2-E01F-4FB1-8702-3D1F9858CC28}.Debug|x86.Build.0 = Debug|Any CPU
		{F0F9DAD2-E01F-4FB1-8702-3D1F9858CC28}.Debug|x86.Deploy.0 = Debug|Any CPU
		{F0F9DAD2-E01F-4FB1-8702-3D1F9858CC28}.Release|Any CPU.ActiveCfg = Release|Any CPU
		{F0F9DAD2-E01F-4FB1-8702-3D1F9858CC28}.Release|Any CPU.Build.0 = Release|Any CPU
		{F0F9DAD2-E01F-4FB1-8702-3D1F9858CC28}.Release|Any CPU.Deploy.0 = Release|Any CPU
		{F0F9DAD2-E01F-4FB1-8702-3D1F9858CC28}.Release|ARM.ActiveCfg = Release|Any CPU
		{F0F9DAD2-E01F-4FB1-8702-3D1F9858CC28}.Release|ARM.Build.0 = Release|Any CPU
		{F0F9DAD2-E01F-4FB1-8702-3D1F9858CC28}.Release|ARM.Deploy.0 = Release|Any CPU
		{F0F9DAD2-E01F-4FB1-8702-3D1F9858CC28}.Release|iPhone.ActiveCfg = Release|Any CPU
		{F0F9DAD2-E01F-4FB1-8702-3D1F9858CC28}.Release|iPhone.Build.0 = Release|Any CPU
		{F0F9DAD2-E01F-4FB1-8702-3D1F9858CC28}.Release|iPhone.Deploy.0 = Release|Any CPU
		{F0F9DAD2-E01F-4FB1-8702-3D1F9858CC28}.Release|iPhoneSimulator.ActiveCfg = Release|Any CPU
		{F0F9DAD2-E01F-4FB1-8702-3D1F9858CC28}.Release|iPhoneSimulator.Build.0 = Release|Any CPU
		{F0F9DAD2-E01F-4FB1-8702-3D1F9858CC28}.Release|iPhoneSimulator.Deploy.0 = Release|Any CPU
		{F0F9DAD2-E01F-4FB1-8702-3D1F9858CC28}.Release|x64.ActiveCfg = Release|Any CPU
		{F0F9DAD2-E01F-4FB1-8702-3D1F9858CC28}.Release|x64.Build.0 = Release|Any CPU
		{F0F9DAD2-E01F-4FB1-8702-3D1F9858CC28}.Release|x64.Deploy.0 = Release|Any CPU
		{F0F9DAD2-E01F-4FB1-8702-3D1F9858CC28}.Release|x86.ActiveCfg = Release|Any CPU
		{F0F9DAD2-E01F-4FB1-8702-3D1F9858CC28}.Release|x86.Build.0 = Release|Any CPU
		{F0F9DAD2-E01F-4FB1-8702-3D1F9858CC28}.Release|x86.Deploy.0 = Release|Any CPU
		{D17E8FE0-9E43-4165-8552-8C749D41F17C}.Ad-Hoc|Any CPU.ActiveCfg = Ad-Hoc|iPhoneSimulator
		{D17E8FE0-9E43-4165-8552-8C749D41F17C}.Ad-Hoc|ARM.ActiveCfg = Ad-Hoc|iPhoneSimulator
		{D17E8FE0-9E43-4165-8552-8C749D41F17C}.Ad-Hoc|iPhone.ActiveCfg = Ad-Hoc|iPhone
		{D17E8FE0-9E43-4165-8552-8C749D41F17C}.Ad-Hoc|iPhone.Build.0 = Ad-Hoc|iPhone
		{D17E8FE0-9E43-4165-8552-8C749D41F17C}.Ad-Hoc|iPhoneSimulator.ActiveCfg = Ad-Hoc|iPhoneSimulator
		{D17E8FE0-9E43-4165-8552-8C749D41F17C}.Ad-Hoc|iPhoneSimulator.Build.0 = Ad-Hoc|iPhoneSimulator
		{D17E8FE0-9E43-4165-8552-8C749D41F17C}.Ad-Hoc|x64.ActiveCfg = Ad-Hoc|iPhoneSimulator
		{D17E8FE0-9E43-4165-8552-8C749D41F17C}.Ad-Hoc|x86.ActiveCfg = Ad-Hoc|iPhoneSimulator
		{D17E8FE0-9E43-4165-8552-8C749D41F17C}.AppStore|Any CPU.ActiveCfg = AppStore|iPhoneSimulator
		{D17E8FE0-9E43-4165-8552-8C749D41F17C}.AppStore|ARM.ActiveCfg = AppStore|iPhoneSimulator
		{D17E8FE0-9E43-4165-8552-8C749D41F17C}.AppStore|iPhone.ActiveCfg = AppStore|iPhone
		{D17E8FE0-9E43-4165-8552-8C749D41F17C}.AppStore|iPhone.Build.0 = AppStore|iPhone
		{D17E8FE0-9E43-4165-8552-8C749D41F17C}.AppStore|iPhoneSimulator.ActiveCfg = AppStore|iPhoneSimulator
		{D17E8FE0-9E43-4165-8552-8C749D41F17C}.AppStore|iPhoneSimulator.Build.0 = AppStore|iPhoneSimulator
		{D17E8FE0-9E43-4165-8552-8C749D41F17C}.AppStore|x64.ActiveCfg = AppStore|iPhoneSimulator
		{D17E8FE0-9E43-4165-8552-8C749D41F17C}.AppStore|x86.ActiveCfg = AppStore|iPhoneSimulator
		{D17E8FE0-9E43-4165-8552-8C749D41F17C}.Debug|Any CPU.ActiveCfg = Debug|iPhoneSimulator
		{D17E8FE0-9E43-4165-8552-8C749D41F17C}.Debug|ARM.ActiveCfg = Debug|iPhoneSimulator
		{D17E8FE0-9E43-4165-8552-8C749D41F17C}.Debug|iPhone.ActiveCfg = Debug|iPhone
		{D17E8FE0-9E43-4165-8552-8C749D41F17C}.Debug|iPhone.Build.0 = Debug|iPhone
		{D17E8FE0-9E43-4165-8552-8C749D41F17C}.Debug|iPhoneSimulator.ActiveCfg = Debug|iPhoneSimulator
		{D17E8FE0-9E43-4165-8552-8C749D41F17C}.Debug|iPhoneSimulator.Build.0 = Debug|iPhoneSimulator
		{D17E8FE0-9E43-4165-8552-8C749D41F17C}.Debug|x64.ActiveCfg = Debug|iPhoneSimulator
		{D17E8FE0-9E43-4165-8552-8C749D41F17C}.Debug|x86.ActiveCfg = Debug|iPhoneSimulator
		{D17E8FE0-9E43-4165-8552-8C749D41F17C}.Release|Any CPU.ActiveCfg = Release|iPhoneSimulator
		{D17E8FE0-9E43-4165-8552-8C749D41F17C}.Release|ARM.ActiveCfg = Release|iPhoneSimulator
		{D17E8FE0-9E43-4165-8552-8C749D41F17C}.Release|iPhone.ActiveCfg = Release|iPhone
		{D17E8FE0-9E43-4165-8552-8C749D41F17C}.Release|iPhone.Build.0 = Release|iPhone
		{D17E8FE0-9E43-4165-8552-8C749D41F17C}.Release|iPhoneSimulator.ActiveCfg = Release|iPhoneSimulator
		{D17E8FE0-9E43-4165-8552-8C749D41F17C}.Release|iPhoneSimulator.Build.0 = Release|iPhoneSimulator
		{D17E8FE0-9E43-4165-8552-8C749D41F17C}.Release|x64.ActiveCfg = Release|iPhoneSimulator
		{D17E8FE0-9E43-4165-8552-8C749D41F17C}.Release|x86.ActiveCfg = Release|iPhoneSimulator
		{D58C2E58-4EC7-4396-86EC-16F63E242D91}.Ad-Hoc|Any CPU.ActiveCfg = Debug|ARM
		{D58C2E58-4EC7-4396-86EC-16F63E242D91}.Ad-Hoc|Any CPU.Build.0 = Debug|ARM
		{D58C2E58-4EC7-4396-86EC-16F63E242D91}.Ad-Hoc|Any CPU.Deploy.0 = Debug|ARM
		{D58C2E58-4EC7-4396-86EC-16F63E242D91}.Ad-Hoc|ARM.ActiveCfg = Debug|ARM
		{D58C2E58-4EC7-4396-86EC-16F63E242D91}.Ad-Hoc|ARM.Build.0 = Debug|ARM
		{D58C2E58-4EC7-4396-86EC-16F63E242D91}.Ad-Hoc|ARM.Deploy.0 = Debug|ARM
		{D58C2E58-4EC7-4396-86EC-16F63E242D91}.Ad-Hoc|iPhone.ActiveCfg = Debug|ARM
		{D58C2E58-4EC7-4396-86EC-16F63E242D91}.Ad-Hoc|iPhone.Build.0 = Debug|ARM
		{D58C2E58-4EC7-4396-86EC-16F63E242D91}.Ad-Hoc|iPhone.Deploy.0 = Debug|ARM
		{D58C2E58-4EC7-4396-86EC-16F63E242D91}.Ad-Hoc|iPhoneSimulator.ActiveCfg = Debug|ARM
		{D58C2E58-4EC7-4396-86EC-16F63E242D91}.Ad-Hoc|iPhoneSimulator.Build.0 = Debug|ARM
		{D58C2E58-4EC7-4396-86EC-16F63E242D91}.Ad-Hoc|iPhoneSimulator.Deploy.0 = Debug|ARM
		{D58C2E58-4EC7-4396-86EC-16F63E242D91}.Ad-Hoc|x64.ActiveCfg = Debug|x64
		{D58C2E58-4EC7-4396-86EC-16F63E242D91}.Ad-Hoc|x64.Build.0 = Debug|x64
		{D58C2E58-4EC7-4396-86EC-16F63E242D91}.Ad-Hoc|x64.Deploy.0 = Debug|x64
		{D58C2E58-4EC7-4396-86EC-16F63E242D91}.Ad-Hoc|x86.ActiveCfg = Debug|x86
		{D58C2E58-4EC7-4396-86EC-16F63E242D91}.Ad-Hoc|x86.Build.0 = Debug|x86
		{D58C2E58-4EC7-4396-86EC-16F63E242D91}.Ad-Hoc|x86.Deploy.0 = Debug|x86
		{D58C2E58-4EC7-4396-86EC-16F63E242D91}.AppStore|Any CPU.ActiveCfg = Debug|ARM
		{D58C2E58-4EC7-4396-86EC-16F63E242D91}.AppStore|Any CPU.Build.0 = Debug|ARM
		{D58C2E58-4EC7-4396-86EC-16F63E242D91}.AppStore|Any CPU.Deploy.0 = Debug|ARM
		{D58C2E58-4EC7-4396-86EC-16F63E242D91}.AppStore|ARM.ActiveCfg = Debug|ARM
		{D58C2E58-4EC7-4396-86EC-16F63E242D91}.AppStore|ARM.Build.0 = Debug|ARM
		{D58C2E58-4EC7-4396-86EC-16F63E242D91}.AppStore|ARM.Deploy.0 = Debug|ARM
		{D58C2E58-4EC7-4396-86EC-16F63E242D91}.AppStore|iPhone.ActiveCfg = Debug|ARM
		{D58C2E58-4EC7-4396-86EC-16F63E242D91}.AppStore|iPhone.Build.0 = Debug|ARM
		{D58C2E58-4EC7-4396-86EC-16F63E242D91}.AppStore|iPhone.Deploy.0 = Debug|ARM
		{D58C2E58-4EC7-4396-86EC-16F63E242D91}.AppStore|iPhoneSimulator.ActiveCfg = Debug|ARM
		{D58C2E58-4EC7-4396-86EC-16F63E242D91}.AppStore|iPhoneSimulator.Build.0 = Debug|ARM
		{D58C2E58-4EC7-4396-86EC-16F63E242D91}.AppStore|iPhoneSimulator.Deploy.0 = Debug|ARM
		{D58C2E58-4EC7-4396-86EC-16F63E242D91}.AppStore|x64.ActiveCfg = Debug|x64
		{D58C2E58-4EC7-4396-86EC-16F63E242D91}.AppStore|x64.Build.0 = Debug|x64
		{D58C2E58-4EC7-4396-86EC-16F63E242D91}.AppStore|x64.Deploy.0 = Debug|x64
		{D58C2E58-4EC7-4396-86EC-16F63E242D91}.AppStore|x86.ActiveCfg = Debug|x86
		{D58C2E58-4EC7-4396-86EC-16F63E242D91}.AppStore|x86.Build.0 = Debug|x86
		{D58C2E58-4EC7-4396-86EC-16F63E242D91}.AppStore|x86.Deploy.0 = Debug|x86
		{D58C2E58-4EC7-4396-86EC-16F63E242D91}.Debug|Any CPU.ActiveCfg = Debug|x86
		{D58C2E58-4EC7-4396-86EC-16F63E242D91}.Debug|ARM.ActiveCfg = Debug|ARM
		{D58C2E58-4EC7-4396-86EC-16F63E242D91}.Debug|ARM.Build.0 = Debug|ARM
		{D58C2E58-4EC7-4396-86EC-16F63E242D91}.Debug|ARM.Deploy.0 = Debug|ARM
		{D58C2E58-4EC7-4396-86EC-16F63E242D91}.Debug|iPhone.ActiveCfg = Debug|x86
		{D58C2E58-4EC7-4396-86EC-16F63E242D91}.Debug|iPhoneSimulator.ActiveCfg = Debug|x86
		{D58C2E58-4EC7-4396-86EC-16F63E242D91}.Debug|x64.ActiveCfg = Debug|x64
		{D58C2E58-4EC7-4396-86EC-16F63E242D91}.Debug|x64.Build.0 = Debug|x64
		{D58C2E58-4EC7-4396-86EC-16F63E242D91}.Debug|x64.Deploy.0 = Debug|x64
		{D58C2E58-4EC7-4396-86EC-16F63E242D91}.Debug|x86.ActiveCfg = Debug|x86
		{D58C2E58-4EC7-4396-86EC-16F63E242D91}.Debug|x86.Build.0 = Debug|x86
		{D58C2E58-4EC7-4396-86EC-16F63E242D91}.Debug|x86.Deploy.0 = Debug|x86
		{D58C2E58-4EC7-4396-86EC-16F63E242D91}.Release|Any CPU.ActiveCfg = Release|x86
		{D58C2E58-4EC7-4396-86EC-16F63E242D91}.Release|ARM.ActiveCfg = Release|ARM
		{D58C2E58-4EC7-4396-86EC-16F63E242D91}.Release|ARM.Build.0 = Release|ARM
		{D58C2E58-4EC7-4396-86EC-16F63E242D91}.Release|ARM.Deploy.0 = Release|ARM
		{D58C2E58-4EC7-4396-86EC-16F63E242D91}.Release|iPhone.ActiveCfg = Release|x86
		{D58C2E58-4EC7-4396-86EC-16F63E242D91}.Release|iPhoneSimulator.ActiveCfg = Release|x86
		{D58C2E58-4EC7-4396-86EC-16F63E242D91}.Release|x64.ActiveCfg = Release|x64
		{D58C2E58-4EC7-4396-86EC-16F63E242D91}.Release|x64.Build.0 = Release|x64
		{D58C2E58-4EC7-4396-86EC-16F63E242D91}.Release|x64.Deploy.0 = Release|x64
		{D58C2E58-4EC7-4396-86EC-16F63E242D91}.Release|x86.ActiveCfg = Release|x86
		{D58C2E58-4EC7-4396-86EC-16F63E242D91}.Release|x86.Build.0 = Release|x86
		{D58C2E58-4EC7-4396-86EC-16F63E242D91}.Release|x86.Deploy.0 = Release|x86
		{A6CB0382-2DFF-4AF4-B7F3-6F236750BB26}.Ad-Hoc|Any CPU.ActiveCfg = Debug|Any CPU
		{A6CB0382-2DFF-4AF4-B7F3-6F236750BB26}.Ad-Hoc|Any CPU.Build.0 = Debug|Any CPU
		{A6CB0382-2DFF-4AF4-B7F3-6F236750BB26}.Ad-Hoc|ARM.ActiveCfg = Debug|Any CPU
		{A6CB0382-2DFF-4AF4-B7F3-6F236750BB26}.Ad-Hoc|ARM.Build.0 = Debug|Any CPU
		{A6CB0382-2DFF-4AF4-B7F3-6F236750BB26}.Ad-Hoc|iPhone.ActiveCfg = Debug|Any CPU
		{A6CB0382-2DFF-4AF4-B7F3-6F236750BB26}.Ad-Hoc|iPhone.Build.0 = Debug|Any CPU
		{A6CB0382-2DFF-4AF4-B7F3-6F236750BB26}.Ad-Hoc|iPhoneSimulator.ActiveCfg = Debug|Any CPU
		{A6CB0382-2DFF-4AF4-B7F3-6F236750BB26}.Ad-Hoc|iPhoneSimulator.Build.0 = Debug|Any CPU
		{A6CB0382-2DFF-4AF4-B7F3-6F236750BB26}.Ad-Hoc|x64.ActiveCfg = Debug|Any CPU
		{A6CB0382-2DFF-4AF4-B7F3-6F236750BB26}.Ad-Hoc|x64.Build.0 = Debug|Any CPU
		{A6CB0382-2DFF-4AF4-B7F3-6F236750BB26}.Ad-Hoc|x86.ActiveCfg = Debug|Any CPU
		{A6CB0382-2DFF-4AF4-B7F3-6F236750BB26}.Ad-Hoc|x86.Build.0 = Debug|Any CPU
		{A6CB0382-2DFF-4AF4-B7F3-6F236750BB26}.AppStore|Any CPU.ActiveCfg = Debug|Any CPU
		{A6CB0382-2DFF-4AF4-B7F3-6F236750BB26}.AppStore|Any CPU.Build.0 = Debug|Any CPU
		{A6CB0382-2DFF-4AF4-B7F3-6F236750BB26}.AppStore|ARM.ActiveCfg = Debug|Any CPU
		{A6CB0382-2DFF-4AF4-B7F3-6F236750BB26}.AppStore|ARM.Build.0 = Debug|Any CPU
		{A6CB0382-2DFF-4AF4-B7F3-6F236750BB26}.AppStore|iPhone.ActiveCfg = Debug|Any CPU
		{A6CB0382-2DFF-4AF4-B7F3-6F236750BB26}.AppStore|iPhone.Build.0 = Debug|Any CPU
		{A6CB0382-2DFF-4AF4-B7F3-6F236750BB26}.AppStore|iPhoneSimulator.ActiveCfg = Debug|Any CPU
		{A6CB0382-2DFF-4AF4-B7F3-6F236750BB26}.AppStore|iPhoneSimulator.Build.0 = Debug|Any CPU
		{A6CB0382-2DFF-4AF4-B7F3-6F236750BB26}.AppStore|x64.ActiveCfg = Debug|Any CPU
		{A6CB0382-2DFF-4AF4-B7F3-6F236750BB26}.AppStore|x64.Build.0 = Debug|Any CPU
		{A6CB0382-2DFF-4AF4-B7F3-6F236750BB26}.AppStore|x86.ActiveCfg = Debug|Any CPU
		{A6CB0382-2DFF-4AF4-B7F3-6F236750BB26}.AppStore|x86.Build.0 = Debug|Any CPU
		{A6CB0382-2DFF-4AF4-B7F3-6F236750BB26}.Debug|Any CPU.ActiveCfg = Debug|Any CPU
		{A6CB0382-2DFF-4AF4-B7F3-6F236750BB26}.Debug|Any CPU.Build.0 = Debug|Any CPU
		{A6CB0382-2DFF-4AF4-B7F3-6F236750BB26}.Debug|ARM.ActiveCfg = Debug|Any CPU
		{A6CB0382-2DFF-4AF4-B7F3-6F236750BB26}.Debug|ARM.Build.0 = Debug|Any CPU
		{A6CB0382-2DFF-4AF4-B7F3-6F236750BB26}.Debug|iPhone.ActiveCfg = Debug|Any CPU
		{A6CB0382-2DFF-4AF4-B7F3-6F236750BB26}.Debug|iPhone.Build.0 = Debug|Any CPU
		{A6CB0382-2DFF-4AF4-B7F3-6F236750BB26}.Debug|iPhoneSimulator.ActiveCfg = Debug|Any CPU
		{A6CB0382-2DFF-4AF4-B7F3-6F236750BB26}.Debug|iPhoneSimulator.Build.0 = Debug|Any CPU
		{A6CB0382-2DFF-4AF4-B7F3-6F236750BB26}.Debug|x64.ActiveCfg = Debug|Any CPU
		{A6CB0382-2DFF-4AF4-B7F3-6F236750BB26}.Debug|x64.Build.0 = Debug|Any CPU
		{A6CB0382-2DFF-4AF4-B7F3-6F236750BB26}.Debug|x86.ActiveCfg = Debug|Any CPU
		{A6CB0382-2DFF-4AF4-B7F3-6F236750BB26}.Debug|x86.Build.0 = Debug|Any CPU
		{A6CB0382-2DFF-4AF4-B7F3-6F236750BB26}.Release|Any CPU.ActiveCfg = Release|Any CPU
		{A6CB0382-2DFF-4AF4-B7F3-6F236750BB26}.Release|Any CPU.Build.0 = Release|Any CPU
		{A6CB0382-2DFF-4AF4-B7F3-6F236750BB26}.Release|ARM.ActiveCfg = Release|Any CPU
		{A6CB0382-2DFF-4AF4-B7F3-6F236750BB26}.Release|ARM.Build.0 = Release|Any CPU
		{A6CB0382-2DFF-4AF4-B7F3-6F236750BB26}.Release|iPhone.ActiveCfg = Release|Any CPU
		{A6CB0382-2DFF-4AF4-B7F3-6F236750BB26}.Release|iPhone.Build.0 = Release|Any CPU
		{A6CB0382-2DFF-4AF4-B7F3-6F236750BB26}.Release|iPhoneSimulator.ActiveCfg = Release|Any CPU
		{A6CB0382-2DFF-4AF4-B7F3-6F236750BB26}.Release|iPhoneSimulator.Build.0 = Release|Any CPU
		{A6CB0382-2DFF-4AF4-B7F3-6F236750BB26}.Release|x64.ActiveCfg = Release|Any CPU
		{A6CB0382-2DFF-4AF4-B7F3-6F236750BB26}.Release|x64.Build.0 = Release|Any CPU
		{A6CB0382-2DFF-4AF4-B7F3-6F236750BB26}.Release|x86.ActiveCfg = Release|Any CPU
		{A6CB0382-2DFF-4AF4-B7F3-6F236750BB26}.Release|x86.Build.0 = Release|Any CPU
		{6A24D2E6-5948-409D-B85B-E2D23F87B529}.Ad-Hoc|Any CPU.ActiveCfg = Debug|Any CPU
		{6A24D2E6-5948-409D-B85B-E2D23F87B529}.Ad-Hoc|Any CPU.Build.0 = Debug|Any CPU
		{6A24D2E6-5948-409D-B85B-E2D23F87B529}.Ad-Hoc|ARM.ActiveCfg = Debug|Any CPU
		{6A24D2E6-5948-409D-B85B-E2D23F87B529}.Ad-Hoc|ARM.Build.0 = Debug|Any CPU
		{6A24D2E6-5948-409D-B85B-E2D23F87B529}.Ad-Hoc|iPhone.ActiveCfg = Debug|Any CPU
		{6A24D2E6-5948-409D-B85B-E2D23F87B529}.Ad-Hoc|iPhone.Build.0 = Debug|Any CPU
		{6A24D2E6-5948-409D-B85B-E2D23F87B529}.Ad-Hoc|iPhoneSimulator.ActiveCfg = Debug|Any CPU
		{6A24D2E6-5948-409D-B85B-E2D23F87B529}.Ad-Hoc|iPhoneSimulator.Build.0 = Debug|Any CPU
		{6A24D2E6-5948-409D-B85B-E2D23F87B529}.Ad-Hoc|x64.ActiveCfg = Debug|Any CPU
		{6A24D2E6-5948-409D-B85B-E2D23F87B529}.Ad-Hoc|x64.Build.0 = Debug|Any CPU
		{6A24D2E6-5948-409D-B85B-E2D23F87B529}.Ad-Hoc|x86.ActiveCfg = Debug|Any CPU
		{6A24D2E6-5948-409D-B85B-E2D23F87B529}.Ad-Hoc|x86.Build.0 = Debug|Any CPU
		{6A24D2E6-5948-409D-B85B-E2D23F87B529}.AppStore|Any CPU.ActiveCfg = Debug|Any CPU
		{6A24D2E6-5948-409D-B85B-E2D23F87B529}.AppStore|Any CPU.Build.0 = Debug|Any CPU
		{6A24D2E6-5948-409D-B85B-E2D23F87B529}.AppStore|ARM.ActiveCfg = Debug|Any CPU
		{6A24D2E6-5948-409D-B85B-E2D23F87B529}.AppStore|ARM.Build.0 = Debug|Any CPU
		{6A24D2E6-5948-409D-B85B-E2D23F87B529}.AppStore|iPhone.ActiveCfg = Debug|Any CPU
		{6A24D2E6-5948-409D-B85B-E2D23F87B529}.AppStore|iPhone.Build.0 = Debug|Any CPU
		{6A24D2E6-5948-409D-B85B-E2D23F87B529}.AppStore|iPhoneSimulator.ActiveCfg = Debug|Any CPU
		{6A24D2E6-5948-409D-B85B-E2D23F87B529}.AppStore|iPhoneSimulator.Build.0 = Debug|Any CPU
		{6A24D2E6-5948-409D-B85B-E2D23F87B529}.AppStore|x64.ActiveCfg = Debug|Any CPU
		{6A24D2E6-5948-409D-B85B-E2D23F87B529}.AppStore|x64.Build.0 = Debug|Any CPU
		{6A24D2E6-5948-409D-B85B-E2D23F87B529}.AppStore|x86.ActiveCfg = Debug|Any CPU
		{6A24D2E6-5948-409D-B85B-E2D23F87B529}.AppStore|x86.Build.0 = Debug|Any CPU
		{6A24D2E6-5948-409D-B85B-E2D23F87B529}.Debug|Any CPU.ActiveCfg = Debug|Any CPU
		{6A24D2E6-5948-409D-B85B-E2D23F87B529}.Debug|Any CPU.Build.0 = Debug|Any CPU
		{6A24D2E6-5948-409D-B85B-E2D23F87B529}.Debug|ARM.ActiveCfg = Debug|Any CPU
		{6A24D2E6-5948-409D-B85B-E2D23F87B529}.Debug|ARM.Build.0 = Debug|Any CPU
		{6A24D2E6-5948-409D-B85B-E2D23F87B529}.Debug|iPhone.ActiveCfg = Debug|Any CPU
		{6A24D2E6-5948-409D-B85B-E2D23F87B529}.Debug|iPhone.Build.0 = Debug|Any CPU
		{6A24D2E6-5948-409D-B85B-E2D23F87B529}.Debug|iPhoneSimulator.ActiveCfg = Debug|Any CPU
		{6A24D2E6-5948-409D-B85B-E2D23F87B529}.Debug|iPhoneSimulator.Build.0 = Debug|Any CPU
		{6A24D2E6-5948-409D-B85B-E2D23F87B529}.Debug|x64.ActiveCfg = Debug|Any CPU
		{6A24D2E6-5948-409D-B85B-E2D23F87B529}.Debug|x64.Build.0 = Debug|Any CPU
		{6A24D2E6-5948-409D-B85B-E2D23F87B529}.Debug|x86.ActiveCfg = Debug|Any CPU
		{6A24D2E6-5948-409D-B85B-E2D23F87B529}.Debug|x86.Build.0 = Debug|Any CPU
		{6A24D2E6-5948-409D-B85B-E2D23F87B529}.Release|Any CPU.ActiveCfg = Release|Any CPU
		{6A24D2E6-5948-409D-B85B-E2D23F87B529}.Release|Any CPU.Build.0 = Release|Any CPU
		{6A24D2E6-5948-409D-B85B-E2D23F87B529}.Release|ARM.ActiveCfg = Release|Any CPU
		{6A24D2E6-5948-409D-B85B-E2D23F87B529}.Release|ARM.Build.0 = Release|Any CPU
		{6A24D2E6-5948-409D-B85B-E2D23F87B529}.Release|iPhone.ActiveCfg = Release|Any CPU
		{6A24D2E6-5948-409D-B85B-E2D23F87B529}.Release|iPhone.Build.0 = Release|Any CPU
		{6A24D2E6-5948-409D-B85B-E2D23F87B529}.Release|iPhoneSimulator.ActiveCfg = Release|Any CPU
		{6A24D2E6-5948-409D-B85B-E2D23F87B529}.Release|iPhoneSimulator.Build.0 = Release|Any CPU
		{6A24D2E6-5948-409D-B85B-E2D23F87B529}.Release|x64.ActiveCfg = Release|Any CPU
		{6A24D2E6-5948-409D-B85B-E2D23F87B529}.Release|x64.Build.0 = Release|Any CPU
		{6A24D2E6-5948-409D-B85B-E2D23F87B529}.Release|x86.ActiveCfg = Release|Any CPU
		{6A24D2E6-5948-409D-B85B-E2D23F87B529}.Release|x86.Build.0 = Release|Any CPU
		{DADEC3F3-23E6-4FE7-B174-F3ECE70C2FE2}.Ad-Hoc|Any CPU.ActiveCfg = Debug|Any CPU
		{DADEC3F3-23E6-4FE7-B174-F3ECE70C2FE2}.Ad-Hoc|Any CPU.Build.0 = Debug|Any CPU
		{DADEC3F3-23E6-4FE7-B174-F3ECE70C2FE2}.Ad-Hoc|ARM.ActiveCfg = Debug|Any CPU
		{DADEC3F3-23E6-4FE7-B174-F3ECE70C2FE2}.Ad-Hoc|ARM.Build.0 = Debug|Any CPU
		{DADEC3F3-23E6-4FE7-B174-F3ECE70C2FE2}.Ad-Hoc|iPhone.ActiveCfg = Debug|Any CPU
		{DADEC3F3-23E6-4FE7-B174-F3ECE70C2FE2}.Ad-Hoc|iPhone.Build.0 = Debug|Any CPU
		{DADEC3F3-23E6-4FE7-B174-F3ECE70C2FE2}.Ad-Hoc|iPhoneSimulator.ActiveCfg = Debug|Any CPU
		{DADEC3F3-23E6-4FE7-B174-F3ECE70C2FE2}.Ad-Hoc|iPhoneSimulator.Build.0 = Debug|Any CPU
		{DADEC3F3-23E6-4FE7-B174-F3ECE70C2FE2}.Ad-Hoc|x64.ActiveCfg = Debug|Any CPU
		{DADEC3F3-23E6-4FE7-B174-F3ECE70C2FE2}.Ad-Hoc|x64.Build.0 = Debug|Any CPU
		{DADEC3F3-23E6-4FE7-B174-F3ECE70C2FE2}.Ad-Hoc|x86.ActiveCfg = Debug|Any CPU
		{DADEC3F3-23E6-4FE7-B174-F3ECE70C2FE2}.Ad-Hoc|x86.Build.0 = Debug|Any CPU
		{DADEC3F3-23E6-4FE7-B174-F3ECE70C2FE2}.AppStore|Any CPU.ActiveCfg = Debug|Any CPU
		{DADEC3F3-23E6-4FE7-B174-F3ECE70C2FE2}.AppStore|Any CPU.Build.0 = Debug|Any CPU
		{DADEC3F3-23E6-4FE7-B174-F3ECE70C2FE2}.AppStore|ARM.ActiveCfg = Debug|Any CPU
		{DADEC3F3-23E6-4FE7-B174-F3ECE70C2FE2}.AppStore|ARM.Build.0 = Debug|Any CPU
		{DADEC3F3-23E6-4FE7-B174-F3ECE70C2FE2}.AppStore|iPhone.ActiveCfg = Debug|Any CPU
		{DADEC3F3-23E6-4FE7-B174-F3ECE70C2FE2}.AppStore|iPhone.Build.0 = Debug|Any CPU
		{DADEC3F3-23E6-4FE7-B174-F3ECE70C2FE2}.AppStore|iPhoneSimulator.ActiveCfg = Debug|Any CPU
		{DADEC3F3-23E6-4FE7-B174-F3ECE70C2FE2}.AppStore|iPhoneSimulator.Build.0 = Debug|Any CPU
		{DADEC3F3-23E6-4FE7-B174-F3ECE70C2FE2}.AppStore|x64.ActiveCfg = Debug|Any CPU
		{DADEC3F3-23E6-4FE7-B174-F3ECE70C2FE2}.AppStore|x64.Build.0 = Debug|Any CPU
		{DADEC3F3-23E6-4FE7-B174-F3ECE70C2FE2}.AppStore|x86.ActiveCfg = Debug|Any CPU
		{DADEC3F3-23E6-4FE7-B174-F3ECE70C2FE2}.AppStore|x86.Build.0 = Debug|Any CPU
		{DADEC3F3-23E6-4FE7-B174-F3ECE70C2FE2}.Debug|Any CPU.ActiveCfg = Debug|Any CPU
		{DADEC3F3-23E6-4FE7-B174-F3ECE70C2FE2}.Debug|Any CPU.Build.0 = Debug|Any CPU
		{DADEC3F3-23E6-4FE7-B174-F3ECE70C2FE2}.Debug|ARM.ActiveCfg = Debug|Any CPU
		{DADEC3F3-23E6-4FE7-B174-F3ECE70C2FE2}.Debug|ARM.Build.0 = Debug|Any CPU
		{DADEC3F3-23E6-4FE7-B174-F3ECE70C2FE2}.Debug|iPhone.ActiveCfg = Debug|Any CPU
		{DADEC3F3-23E6-4FE7-B174-F3ECE70C2FE2}.Debug|iPhone.Build.0 = Debug|Any CPU
		{DADEC3F3-23E6-4FE7-B174-F3ECE70C2FE2}.Debug|iPhoneSimulator.ActiveCfg = Debug|Any CPU
		{DADEC3F3-23E6-4FE7-B174-F3ECE70C2FE2}.Debug|iPhoneSimulator.Build.0 = Debug|Any CPU
		{DADEC3F3-23E6-4FE7-B174-F3ECE70C2FE2}.Debug|x64.ActiveCfg = Debug|Any CPU
		{DADEC3F3-23E6-4FE7-B174-F3ECE70C2FE2}.Debug|x64.Build.0 = Debug|Any CPU
		{DADEC3F3-23E6-4FE7-B174-F3ECE70C2FE2}.Debug|x86.ActiveCfg = Debug|Any CPU
		{DADEC3F3-23E6-4FE7-B174-F3ECE70C2FE2}.Debug|x86.Build.0 = Debug|Any CPU
		{DADEC3F3-23E6-4FE7-B174-F3ECE70C2FE2}.Release|Any CPU.ActiveCfg = Release|Any CPU
		{DADEC3F3-23E6-4FE7-B174-F3ECE70C2FE2}.Release|Any CPU.Build.0 = Release|Any CPU
		{DADEC3F3-23E6-4FE7-B174-F3ECE70C2FE2}.Release|ARM.ActiveCfg = Release|Any CPU
		{DADEC3F3-23E6-4FE7-B174-F3ECE70C2FE2}.Release|ARM.Build.0 = Release|Any CPU
		{DADEC3F3-23E6-4FE7-B174-F3ECE70C2FE2}.Release|iPhone.ActiveCfg = Release|Any CPU
		{DADEC3F3-23E6-4FE7-B174-F3ECE70C2FE2}.Release|iPhone.Build.0 = Release|Any CPU
		{DADEC3F3-23E6-4FE7-B174-F3ECE70C2FE2}.Release|iPhoneSimulator.ActiveCfg = Release|Any CPU
		{DADEC3F3-23E6-4FE7-B174-F3ECE70C2FE2}.Release|iPhoneSimulator.Build.0 = Release|Any CPU
		{DADEC3F3-23E6-4FE7-B174-F3ECE70C2FE2}.Release|x64.ActiveCfg = Release|Any CPU
		{DADEC3F3-23E6-4FE7-B174-F3ECE70C2FE2}.Release|x64.Build.0 = Release|Any CPU
		{DADEC3F3-23E6-4FE7-B174-F3ECE70C2FE2}.Release|x86.ActiveCfg = Release|Any CPU
		{DADEC3F3-23E6-4FE7-B174-F3ECE70C2FE2}.Release|x86.Build.0 = Release|Any CPU
		{2927287B-446D-4CC3-8839-709887C17DA3}.Ad-Hoc|Any CPU.ActiveCfg = Debug|Any CPU
		{2927287B-446D-4CC3-8839-709887C17DA3}.Ad-Hoc|Any CPU.Build.0 = Debug|Any CPU
		{2927287B-446D-4CC3-8839-709887C17DA3}.Ad-Hoc|ARM.ActiveCfg = Debug|Any CPU
		{2927287B-446D-4CC3-8839-709887C17DA3}.Ad-Hoc|ARM.Build.0 = Debug|Any CPU
		{2927287B-446D-4CC3-8839-709887C17DA3}.Ad-Hoc|iPhone.ActiveCfg = Debug|Any CPU
		{2927287B-446D-4CC3-8839-709887C17DA3}.Ad-Hoc|iPhone.Build.0 = Debug|Any CPU
		{2927287B-446D-4CC3-8839-709887C17DA3}.Ad-Hoc|iPhoneSimulator.ActiveCfg = Debug|Any CPU
		{2927287B-446D-4CC3-8839-709887C17DA3}.Ad-Hoc|iPhoneSimulator.Build.0 = Debug|Any CPU
		{2927287B-446D-4CC3-8839-709887C17DA3}.Ad-Hoc|x64.ActiveCfg = Debug|Any CPU
		{2927287B-446D-4CC3-8839-709887C17DA3}.Ad-Hoc|x64.Build.0 = Debug|Any CPU
		{2927287B-446D-4CC3-8839-709887C17DA3}.Ad-Hoc|x86.ActiveCfg = Debug|Any CPU
		{2927287B-446D-4CC3-8839-709887C17DA3}.Ad-Hoc|x86.Build.0 = Debug|Any CPU
		{2927287B-446D-4CC3-8839-709887C17DA3}.AppStore|Any CPU.ActiveCfg = Debug|Any CPU
		{2927287B-446D-4CC3-8839-709887C17DA3}.AppStore|Any CPU.Build.0 = Debug|Any CPU
		{2927287B-446D-4CC3-8839-709887C17DA3}.AppStore|ARM.ActiveCfg = Debug|Any CPU
		{2927287B-446D-4CC3-8839-709887C17DA3}.AppStore|ARM.Build.0 = Debug|Any CPU
		{2927287B-446D-4CC3-8839-709887C17DA3}.AppStore|iPhone.ActiveCfg = Debug|Any CPU
		{2927287B-446D-4CC3-8839-709887C17DA3}.AppStore|iPhone.Build.0 = Debug|Any CPU
		{2927287B-446D-4CC3-8839-709887C17DA3}.AppStore|iPhoneSimulator.ActiveCfg = Debug|Any CPU
		{2927287B-446D-4CC3-8839-709887C17DA3}.AppStore|iPhoneSimulator.Build.0 = Debug|Any CPU
		{2927287B-446D-4CC3-8839-709887C17DA3}.AppStore|x64.ActiveCfg = Debug|Any CPU
		{2927287B-446D-4CC3-8839-709887C17DA3}.AppStore|x64.Build.0 = Debug|Any CPU
		{2927287B-446D-4CC3-8839-709887C17DA3}.AppStore|x86.ActiveCfg = Debug|Any CPU
		{2927287B-446D-4CC3-8839-709887C17DA3}.AppStore|x86.Build.0 = Debug|Any CPU
		{2927287B-446D-4CC3-8839-709887C17DA3}.Debug|Any CPU.ActiveCfg = Debug|Any CPU
		{2927287B-446D-4CC3-8839-709887C17DA3}.Debug|Any CPU.Build.0 = Debug|Any CPU
		{2927287B-446D-4CC3-8839-709887C17DA3}.Debug|ARM.ActiveCfg = Debug|Any CPU
		{2927287B-446D-4CC3-8839-709887C17DA3}.Debug|ARM.Build.0 = Debug|Any CPU
		{2927287B-446D-4CC3-8839-709887C17DA3}.Debug|iPhone.ActiveCfg = Debug|Any CPU
		{2927287B-446D-4CC3-8839-709887C17DA3}.Debug|iPhone.Build.0 = Debug|Any CPU
		{2927287B-446D-4CC3-8839-709887C17DA3}.Debug|iPhoneSimulator.ActiveCfg = Debug|Any CPU
		{2927287B-446D-4CC3-8839-709887C17DA3}.Debug|iPhoneSimulator.Build.0 = Debug|Any CPU
		{2927287B-446D-4CC3-8839-709887C17DA3}.Debug|x64.ActiveCfg = Debug|Any CPU
		{2927287B-446D-4CC3-8839-709887C17DA3}.Debug|x64.Build.0 = Debug|Any CPU
		{2927287B-446D-4CC3-8839-709887C17DA3}.Debug|x86.ActiveCfg = Debug|Any CPU
		{2927287B-446D-4CC3-8839-709887C17DA3}.Debug|x86.Build.0 = Debug|Any CPU
		{2927287B-446D-4CC3-8839-709887C17DA3}.Release|Any CPU.ActiveCfg = Release|Any CPU
		{2927287B-446D-4CC3-8839-709887C17DA3}.Release|Any CPU.Build.0 = Release|Any CPU
		{2927287B-446D-4CC3-8839-709887C17DA3}.Release|ARM.ActiveCfg = Release|Any CPU
		{2927287B-446D-4CC3-8839-709887C17DA3}.Release|ARM.Build.0 = Release|Any CPU
		{2927287B-446D-4CC3-8839-709887C17DA3}.Release|iPhone.ActiveCfg = Release|Any CPU
		{2927287B-446D-4CC3-8839-709887C17DA3}.Release|iPhone.Build.0 = Release|Any CPU
		{2927287B-446D-4CC3-8839-709887C17DA3}.Release|iPhoneSimulator.ActiveCfg = Release|Any CPU
		{2927287B-446D-4CC3-8839-709887C17DA3}.Release|iPhoneSimulator.Build.0 = Release|Any CPU
		{2927287B-446D-4CC3-8839-709887C17DA3}.Release|x64.ActiveCfg = Release|Any CPU
		{2927287B-446D-4CC3-8839-709887C17DA3}.Release|x64.Build.0 = Release|Any CPU
		{2927287B-446D-4CC3-8839-709887C17DA3}.Release|x86.ActiveCfg = Release|Any CPU
		{2927287B-446D-4CC3-8839-709887C17DA3}.Release|x86.Build.0 = Release|Any CPU
		{9D5DE500-275E-402F-BACD-ED4CCEFC9CE9}.Ad-Hoc|Any CPU.ActiveCfg = Debug|Any CPU
		{9D5DE500-275E-402F-BACD-ED4CCEFC9CE9}.Ad-Hoc|Any CPU.Build.0 = Debug|Any CPU
		{9D5DE500-275E-402F-BACD-ED4CCEFC9CE9}.Ad-Hoc|ARM.ActiveCfg = Debug|Any CPU
		{9D5DE500-275E-402F-BACD-ED4CCEFC9CE9}.Ad-Hoc|ARM.Build.0 = Debug|Any CPU
		{9D5DE500-275E-402F-BACD-ED4CCEFC9CE9}.Ad-Hoc|iPhone.ActiveCfg = Debug|Any CPU
		{9D5DE500-275E-402F-BACD-ED4CCEFC9CE9}.Ad-Hoc|iPhone.Build.0 = Debug|Any CPU
		{9D5DE500-275E-402F-BACD-ED4CCEFC9CE9}.Ad-Hoc|iPhoneSimulator.ActiveCfg = Debug|Any CPU
		{9D5DE500-275E-402F-BACD-ED4CCEFC9CE9}.Ad-Hoc|iPhoneSimulator.Build.0 = Debug|Any CPU
		{9D5DE500-275E-402F-BACD-ED4CCEFC9CE9}.Ad-Hoc|x64.ActiveCfg = Debug|Any CPU
		{9D5DE500-275E-402F-BACD-ED4CCEFC9CE9}.Ad-Hoc|x64.Build.0 = Debug|Any CPU
		{9D5DE500-275E-402F-BACD-ED4CCEFC9CE9}.Ad-Hoc|x86.ActiveCfg = Debug|Any CPU
		{9D5DE500-275E-402F-BACD-ED4CCEFC9CE9}.Ad-Hoc|x86.Build.0 = Debug|Any CPU
		{9D5DE500-275E-402F-BACD-ED4CCEFC9CE9}.AppStore|Any CPU.ActiveCfg = Debug|Any CPU
		{9D5DE500-275E-402F-BACD-ED4CCEFC9CE9}.AppStore|Any CPU.Build.0 = Debug|Any CPU
		{9D5DE500-275E-402F-BACD-ED4CCEFC9CE9}.AppStore|ARM.ActiveCfg = Debug|Any CPU
		{9D5DE500-275E-402F-BACD-ED4CCEFC9CE9}.AppStore|ARM.Build.0 = Debug|Any CPU
		{9D5DE500-275E-402F-BACD-ED4CCEFC9CE9}.AppStore|iPhone.ActiveCfg = Debug|Any CPU
		{9D5DE500-275E-402F-BACD-ED4CCEFC9CE9}.AppStore|iPhone.Build.0 = Debug|Any CPU
		{9D5DE500-275E-402F-BACD-ED4CCEFC9CE9}.AppStore|iPhoneSimulator.ActiveCfg = Debug|Any CPU
		{9D5DE500-275E-402F-BACD-ED4CCEFC9CE9}.AppStore|iPhoneSimulator.Build.0 = Debug|Any CPU
		{9D5DE500-275E-402F-BACD-ED4CCEFC9CE9}.AppStore|x64.ActiveCfg = Debug|Any CPU
		{9D5DE500-275E-402F-BACD-ED4CCEFC9CE9}.AppStore|x64.Build.0 = Debug|Any CPU
		{9D5DE500-275E-402F-BACD-ED4CCEFC9CE9}.AppStore|x86.ActiveCfg = Debug|Any CPU
		{9D5DE500-275E-402F-BACD-ED4CCEFC9CE9}.AppStore|x86.Build.0 = Debug|Any CPU
		{9D5DE500-275E-402F-BACD-ED4CCEFC9CE9}.Debug|Any CPU.ActiveCfg = Debug|Any CPU
		{9D5DE500-275E-402F-BACD-ED4CCEFC9CE9}.Debug|Any CPU.Build.0 = Debug|Any CPU
		{9D5DE500-275E-402F-BACD-ED4CCEFC9CE9}.Debug|ARM.ActiveCfg = Debug|Any CPU
		{9D5DE500-275E-402F-BACD-ED4CCEFC9CE9}.Debug|ARM.Build.0 = Debug|Any CPU
		{9D5DE500-275E-402F-BACD-ED4CCEFC9CE9}.Debug|iPhone.ActiveCfg = Debug|Any CPU
		{9D5DE500-275E-402F-BACD-ED4CCEFC9CE9}.Debug|iPhone.Build.0 = Debug|Any CPU
		{9D5DE500-275E-402F-BACD-ED4CCEFC9CE9}.Debug|iPhoneSimulator.ActiveCfg = Debug|Any CPU
		{9D5DE500-275E-402F-BACD-ED4CCEFC9CE9}.Debug|iPhoneSimulator.Build.0 = Debug|Any CPU
		{9D5DE500-275E-402F-BACD-ED4CCEFC9CE9}.Debug|x64.ActiveCfg = Debug|Any CPU
		{9D5DE500-275E-402F-BACD-ED4CCEFC9CE9}.Debug|x64.Build.0 = Debug|Any CPU
		{9D5DE500-275E-402F-BACD-ED4CCEFC9CE9}.Debug|x86.ActiveCfg = Debug|Any CPU
		{9D5DE500-275E-402F-BACD-ED4CCEFC9CE9}.Debug|x86.Build.0 = Debug|Any CPU
		{9D5DE500-275E-402F-BACD-ED4CCEFC9CE9}.Release|Any CPU.ActiveCfg = Release|Any CPU
		{9D5DE500-275E-402F-BACD-ED4CCEFC9CE9}.Release|Any CPU.Build.0 = Release|Any CPU
		{9D5DE500-275E-402F-BACD-ED4CCEFC9CE9}.Release|ARM.ActiveCfg = Release|Any CPU
		{9D5DE500-275E-402F-BACD-ED4CCEFC9CE9}.Release|ARM.Build.0 = Release|Any CPU
		{9D5DE500-275E-402F-BACD-ED4CCEFC9CE9}.Release|iPhone.ActiveCfg = Release|Any CPU
		{9D5DE500-275E-402F-BACD-ED4CCEFC9CE9}.Release|iPhone.Build.0 = Release|Any CPU
		{9D5DE500-275E-402F-BACD-ED4CCEFC9CE9}.Release|iPhoneSimulator.ActiveCfg = Release|Any CPU
		{9D5DE500-275E-402F-BACD-ED4CCEFC9CE9}.Release|iPhoneSimulator.Build.0 = Release|Any CPU
		{9D5DE500-275E-402F-BACD-ED4CCEFC9CE9}.Release|x64.ActiveCfg = Release|Any CPU
		{9D5DE500-275E-402F-BACD-ED4CCEFC9CE9}.Release|x64.Build.0 = Release|Any CPU
		{9D5DE500-275E-402F-BACD-ED4CCEFC9CE9}.Release|x86.ActiveCfg = Release|Any CPU
		{9D5DE500-275E-402F-BACD-ED4CCEFC9CE9}.Release|x86.Build.0 = Release|Any CPU
	EndGlobalSection
	GlobalSection(SolutionProperties) = preSolution
		HideSolutionNode = FALSE
	EndGlobalSection
	GlobalSection(NestedProjects) = preSolution
		{6A24D2E6-5948-409D-B85B-E2D23F87B529} = {CBE5EC98-F24A-45CB-A012-A29E08F49D35}
		{DADEC3F3-23E6-4FE7-B174-F3ECE70C2FE2} = {CBE5EC98-F24A-45CB-A012-A29E08F49D35}
		{2927287B-446D-4CC3-8839-709887C17DA3} = {EE6DBCE0-4C2E-4959-8A27-42E9E22A73A8}
		{9D5DE500-275E-402F-BACD-ED4CCEFC9CE9} = {4ED6D7B9-81B0-4D0F-926A-E421C190B5A5}
	EndGlobalSection
	GlobalSection(ExtensibilityGlobals) = postSolution
		SolutionGuid = {7C85826F-9EE9-4CAE-A7CA-BA7E83A9DB03}
	EndGlobalSection
EndGlobal
